
Microsoft Visual Studio Solution File, Format Version 12.00
# Visual Studio 15
VisualStudioVersion = 15.0.26730.8
MinimumVisualStudioVersion = 10.0.40219.1
Project("{FAE04EC0-301F-11D3-BF4B-00C04F79EFBC}") = "SetupEnviornment", "SetupEnviornment\SetupEnviornment.csproj", "{F13F3231-0FD6-4E32-93CD-037201AEAA2C}"
EndProject
Global
	GlobalSection(SolutionConfigurationPlatforms) = preSolution
		Debug|Any CPU = Debug|Any CPU
		Release|Any CPU = Release|Any CPU
	EndGlobalSection
	GlobalSection(ProjectConfigurationPlatforms) = postSolution
		{F13F3231-0FD6-4E32-93CD-037201AEAA2C}.Debug|Any CPU.ActiveCfg = Debug|Any CPU
		{F13F3231-0FD6-4E32-93CD-037201AEAA2C}.Debug|Any CPU.Build.0 = Debug|Any CPU
		{F13F3231-0FD6-4E32-93CD-037201AEAA2C}.Release|Any CPU.ActiveCfg = Release|Any CPU
		{F13F3231-0FD6-4E32-93CD-037201AEAA2C}.Release|Any CPU.Build.0 = Release|Any CPU
	EndGlobalSection
	GlobalSection(SolutionProperties) = preSolution
		HideSolutionNode = FALSE
	EndGlobalSection
	GlobalSection(ExtensibilityGlobals) = postSolution
		SolutionGuid = {97871E80-FD0B-4B8A-BBDD-42F07112684D}
	EndGlobalSection
EndGlobal
